// !$*UTF8*$!
{
	archiveVersion = 1;
	classes = {
	};
	objectVersion = 48;
	objects = {

/* Begin PBXBuildFile section */
		5FFD9E791F8306B1009391D9 /* main.m in Sources */ = {isa = PBXBuildFile; fileRef = 5FFD9E781F8306B1009391D9 /* main.m */; };
		5FFD9E811F8306D6009391D9 /* Work.m in Sources */ = {isa = PBXBuildFile; fileRef = 5FFD9E801F8306D6009391D9 /* Work.m */; };
		5FFD9E841F83071A009391D9 /* State.m in Sources */ = {isa = PBXBuildFile; fileRef = 5FFD9E831F83071A009391D9 /* State.m */; };
		5FFD9E871F830756009391D9 /* ForenoonState.m in Sources */ = {isa = PBXBuildFile; fileRef = 5FFD9E861F830756009391D9 /* ForenoonState.m */; };
		5FFD9E8A1F8307A6009391D9 /* NoonState.m in Sources */ = {isa = PBXBuildFile; fileRef = 5FFD9E891F8307A6009391D9 /* NoonState.m */; };
		5FFD9E8D1F8307E0009391D9 /* AfternoonState.m in Sources */ = {isa = PBXBuildFile; fileRef = 5FFD9E8C1F8307E0009391D9 /* AfternoonState.m */; };
		5FFD9E901F830820009391D9 /* EveningState.m in Sources */ = {isa = PBXBuildFile; fileRef = 5FFD9E8F1F830820009391D9 /* EveningState.m */; };
		5FFD9E931F830851009391D9 /* SleepingState.m in Sources */ = {isa = PBXBuildFile; fileRef = 5FFD9E921F830851009391D9 /* SleepingState.m */; };
		5FFD9E961F830884009391D9 /* RestState.m in Sources */ = {isa = PBXBuildFile; fileRef = 5FFD9E951F830884009391D9 /* RestState.m */; };
/* End PBXBuildFile section */

/* Begin PBXCopyFilesBuildPhase section */
		5FFD9E731F8306B1009391D9 /* CopyFiles */ = {
			isa = PBXCopyFilesBuildPhase;
			buildActionMask = 2147483647;
			dstPath = /usr/share/man/man1/;
			dstSubfolderSpec = 0;
			files = (
			);
			runOnlyForDeploymentPostprocessing = 1;
		};
/* End PBXCopyFilesBuildPhase section */

/* Begin PBXFileReference section */
		5FFD9E751F8306B1009391D9 /* State */ = {isa = PBXFileReference; explicitFileType = "compiled.mach-o.executable"; includeInIndex = 0; path = State; sourceTree = BUILT_PRODUCTS_DIR; };
		5FFD9E781F8306B1009391D9 /* main.m */ = {isa = PBXFileReference; lastKnownFileType = sourcecode.c.objc; path = main.m; sourceTree = "<group>"; };
		5FFD9E7F1F8306D6009391D9 /* Work.h */ = {isa = PBXFileReference; lastKnownFileType = sourcecode.c.h; path = Work.h; sourceTree = "<group>"; };
		5FFD9E801F8306D6009391D9 /* Work.m */ = {isa = PBXFileReference; lastKnownFileType = sourcecode.c.objc; path = Work.m; sourceTree = "<group>"; };
		5FFD9E821F83071A009391D9 /* State.h */ = {isa = PBXFileReference; lastKnownFileType = sourcecode.c.h; path = State.h; sourceTree = "<group>"; };
		5FFD9E831F83071A009391D9 /* State.m */ = {isa = PBXFileReference; lastKnownFileType = sourcecode.c.objc; path = State.m; sourceTree = "<group>"; };
		5FFD9E851F830756009391D9 /* ForenoonState.h */ = {isa = PBXFileReference; lastKnownFileType = sourcecode.c.h; path = ForenoonState.h; sourceTree = "<group>"; };
		5FFD9E861F830756009391D9 /* ForenoonState.m */ = {isa = PBXFileReference; lastKnownFileType = sourcecode.c.objc; path = ForenoonState.m; sourceTree = "<group>"; };
		5FFD9E881F8307A6009391D9 /* NoonState.h */ = {isa = PBXFileReference; lastKnownFileType = sourcecode.c.h; path = NoonState.h; sourceTree = "<group>"; };
		5FFD9E891F8307A6009391D9 /* NoonState.m */ = {isa = PBXFileReference; lastKnownFileType = sourcecode.c.objc; path = NoonState.m; sourceTree = "<group>"; };
		5FFD9E8B1F8307E0009391D9 /* AfternoonState.h */ = {isa = PBXFileReference; lastKnownFileType = sourcecode.c.h; path = AfternoonState.h; sourceTree = "<group>"; };
		5FFD9E8C1F8307E0009391D9 /* AfternoonState.m */ = {isa = PBXFileReference; lastKnownFileType = sourcecode.c.objc; path = AfternoonState.m; sourceTree = "<group>"; };
		5FFD9E8E1F830820009391D9 /* EveningState.h */ = {isa = PBXFileReference; lastKnownFileType = sourcecode.c.h; path = EveningState.h; sourceTree = "<group>"; };
		5FFD9E8F1F830820009391D9 /* EveningState.m */ = {isa = PBXFileReference; lastKnownFileType = sourcecode.c.objc; path = EveningState.m; sourceTree = "<group>"; };
		5FFD9E911F830851009391D9 /* SleepingState.h */ = {isa = PBXFileReference; lastKnownFileType = sourcecode.c.h; path = SleepingState.h; sourceTree = "<group>"; };
		5FFD9E921F830851009391D9 /* SleepingState.m */ = {isa = PBXFileReference; lastKnownFileType = sourcecode.c.objc; path = SleepingState.m; sourceTree = "<group>"; };
		5FFD9E941F830884009391D9 /* RestState.h */ = {isa = PBXFileReference; lastKnownFileType = sourcecode.c.h; path = RestState.h; sourceTree = "<group>"; };
		5FFD9E951F830884009391D9 /* RestState.m */ = {isa = PBXFileReference; lastKnownFileType = sourcecode.c.objc; path = RestState.m; sourceTree = "<group>"; };
/* End PBXFileReference section */

/* Begin PBXFrameworksBuildPhase section */
		5FFD9E721F8306B1009391D9 /* Frameworks */ = {
			isa = PBXFrameworksBuildPhase;
			buildActionMask = 2147483647;
			files = (
			);
			runOnlyForDeploymentPostprocessing = 0;
		};
/* End PBXFrameworksBuildPhase section */

/* Begin PBXGroup section */
		5FFD9E6C1F8306B1009391D9 = {
			isa = PBXGroup;
			children = (
				5FFD9E771F8306B1009391D9 /* State */,
				5FFD9E761F8306B1009391D9 /* Products */,
			);
			sourceTree = "<group>";
		};
		5FFD9E761F8306B1009391D9 /* Products */ = {
			isa = PBXGroup;
			children = (
				5FFD9E751F8306B1009391D9 /* State */,
			);
			name = Products;
			sourceTree = "<group>";
		};
		5FFD9E771F8306B1009391D9 /* State */ = {
			isa = PBXGroup;
			children = (
				5FFD9E781F8306B1009391D9 /* main.m */,
				5FFD9E7F1F8306D6009391D9 /* Work.h */,
				5FFD9E801F8306D6009391D9 /* Work.m */,
				5FFD9E821F83071A009391D9 /* State.h */,
				5FFD9E831F83071A009391D9 /* State.m */,
				5FFD9E851F830756009391D9 /* ForenoonState.h */,
				5FFD9E861F830756009391D9 /* ForenoonState.m */,
				5FFD9E881F8307A6009391D9 /* NoonState.h */,
				5FFD9E891F8307A6009391D9 /* NoonState.m */,
				5FFD9E8B1F8307E0009391D9 /* AfternoonState.h */,
				5FFD9E8C1F8307E0009391D9 /* AfternoonState.m */,
				5FFD9E8E1F830820009391D9 /* EveningState.h */,
				5FFD9E8F1F830820009391D9 /* EveningState.m */,
				5FFD9E911F830851009391D9 /* SleepingState.h */,
				5FFD9E921F830851009391D9 /* SleepingState.m */,
				5FFD9E941F830884009391D9 /* RestState.h */,
				5FFD9E951F830884009391D9 /* RestState.m */,
			);
			path = State;
			sourceTree = "<group>";
		};
/* End PBXGroup section */

/* Begin PBXNativeTarget section */
		5FFD9E741F8306B1009391D9 /* State */ = {
			isa = PBXNativeTarget;
			buildConfigurationList = 5FFD9E7C1F8306B1009391D9 /* Build configuration list for PBXNativeTarget "State" */;
			buildPhases = (
				5FFD9E711F8306B1009391D9 /* Sources */,
				5FFD9E721F8306B1009391D9 /* Frameworks */,
				5FFD9E731F8306B1009391D9 /* CopyFiles */,
			);
			buildRules = (
			);
			dependencies = (
			);
			name = State;
			productName = State;
			productReference = 5FFD9E751F8306B1009391D9 /* State */;
			productType = "com.apple.product-type.tool";
		};
/* End PBXNativeTarget section */

/* Begin PBXProject section */
		5FFD9E6D1F8306B1009391D9 /* Project object */ = {
			isa = PBXProject;
			attributes = {
				LastUpgradeCheck = 0900;
				ORGANIZATIONNAME = Laibit;
				TargetAttributes = {
					5FFD9E741F8306B1009391D9 = {
						CreatedOnToolsVersion = 9.0;
						ProvisioningStyle = Automatic;
					};
				};
			};
			buildConfigurationList = 5FFD9E701F8306B1009391D9 /* Build configuration list for PBXProject "State" */;
			compatibilityVersion = "Xcode 8.0";
			developmentRegion = en;
			hasScannedForEncodings = 0;
			knownRegions = (
				en,
			);
			mainGroup = 5FFD9E6C1F8306B1009391D9;
			productRefGroup = 5FFD9E761F8306B1009391D9 /* Products */;
			projectDirPath = "";
			projectRoot = "";
			targets = (
				5FFD9E741F8306B1009391D9 /* State */,
			);
		};
/* End PBXProject section */

/* Begin PBXSourcesBuildPhase section */
		5FFD9E711F8306B1009391D9 /* Sources */ = {
			isa = PBXSourcesBuildPhase;
			buildActionMask = 2147483647;
			files = (
				5FFD9E8D1F8307E0009391D9 /* AfternoonState.m in Sources */,
				5FFD9E901F830820009391D9 /* EveningState.m in Sources */,
				5FFD9E931F830851009391D9 /* SleepingState.m in Sources */,
				5FFD9E8A1F8307A6009391D9 /* NoonState.m in Sources */,
				5FFD9E841F83071A009391D9 /* State.m in Sources */,
				5FFD9E871F830756009391D9 /* ForenoonState.m in Sources */,
				5FFD9E811F8306D6009391D9 /* Work.m in Sources */,
				5FFD9E961F830884009391D9 /* RestState.m in Sources */,
				5FFD9E791F8306B1009391D9 /* main.m in Sources */,
			);
			runOnlyForDeploymentPostprocessing = 0;
		};
/* End PBXSourcesBuildPhase section */

/* Begin XCBuildConfiguration section */
		5FFD9E7A1F8306B1009391D9 /* Debug */ = {
			isa = XCBuildConfiguration;
			buildSettings = {
				ALWAYS_SEARCH_USER_PATHS = NO;
				CLANG_ANALYZER_NONNULL = YES;
				CLANG_ANALYZER_NUMBER_OBJECT_CONVERSION = YES_AGGRESSIVE;
				CLANG_CXX_LANGUAGE_STANDARD = "gnu++14";
				CLANG_CXX_LIBRARY = "libc++";
				CLANG_ENABLE_MODULES = YES;
				CLANG_ENABLE_OBJC_ARC = YES;
				CLANG_WARN_BLOCK_CAPTURE_AUTORELEASING = YES;
				CLANG_WARN_BOOL_CONVERSION = YES;
				CLANG_WARN_COMMA = YES;
				CLANG_WARN_CONSTANT_CONVERSION = YES;
				CLANG_WARN_DIRECT_OBJC_ISA_USAGE = YES_ERROR;
				CLANG_WARN_DOCUMENTATION_COMMENTS = YES;
				CLANG_WARN_EMPTY_BODY = YES;
				CLANG_WARN_ENUM_CONVERSION = YES;
				CLANG_WARN_INFINITE_RECURSION = YES;
				CLANG_WARN_INT_CONVERSION = YES;
				CLANG_WARN_NON_LITERAL_NULL_CONVERSION = YES;
				CLANG_WARN_OBJC_LITERAL_CONVERSION = YES;
				CLANG_WARN_OBJC_ROOT_CLASS = YES_ERROR;
				CLANG_WARN_RANGE_LOOP_ANALYSIS = YES;
				CLANG_WARN_STRICT_PROTOTYPES = YES;
				CLANG_WARN_SUSPICIOUS_MOVE = YES;
				CLANG_WARN_UNGUARDED_AVAILABILITY = YES_AGGRESSIVE;
				CLANG_WARN_UNREACHABLE_CODE = YES;
				CLANG_WARN__DUPLICATE_METHOD_MATCH = YES;
				CODE_SIGN_IDENTITY = "Mac Developer";
				COPY_PHASE_STRIP = NO;
				DEBUG_INFORMATION_FORMAT = dwarf;
				ENABLE_STRICT_OBJC_MSGSEND = YES;
				ENABLE_TESTABILITY = YES;
				GCC_C_LANGUAGE_STANDARD = gnu11;
				GCC_DYNAMIC_NO_PIC = NO;
				GCC_NO_COMMON_BLOCKS = YES;
				GCC_OPTIMIZATION_LEVEL = 0;
				GCC_PREPROCESSOR_DEFINITIONS = (
					"DEBUG=1",
					"$(inherited)",
				);
				GCC_WARN_64_TO_32_BIT_CONVERSION = YES;
				GCC_WARN_ABOUT_RETURN_TYPE = YES_ERROR;
				GCC_WARN_UNDECLARED_SELECTOR = YES;
				GCC_WARN_UNINITIALIZED_AUTOS = YES_AGGRESSIVE;
				GCC_WARN_UNUSED_FUNCTION = YES;
				GCC_WARN_UNUSED_VARIABLE = YES;
				MACOSX_DEPLOYMENT_TARGET = 10.13;
				MTL_ENABLE_DEBUG_INFO = YES;
				ONLY_ACTIVE_ARCH = YES;
				SDKROOT = macosx;
			};
			name = Debug;
		};
		5FFD9E7B1F8306B1009391D9 /* Release */ = {
			isa = XCBuildConfiguration;
			buildSettings = {
				ALWAYS_SEARCH_USER_PATHS = NO;
				CLANG_ANALYZER_NONNULL = YES;
				CLANG_ANALYZER_NUMBER_OBJECT_CONVERSION = YES_AGGRESSIVE;
				CLANG_CXX_LANGUAGE_STANDARD = "gnu++14";
				CLANG_CXX_LIBRARY = "libc++";
				CLANG_ENABLE_MODULES = YES;
				CLANG_ENABLE_OBJC_ARC = YES;
				CLANG_WARN_BLOCK_CAPTURE_AUTORELEASING = YES;
				CLANG_WARN_BOOL_CONVERSION = YES;
				CLANG_WARN_COMMA = YES;
				CLANG_WARN_CONSTANT_CONVERSION = YES;
				CLANG_WARN_DIRECT_OBJC_ISA_USAGE = YES_ERROR;
				CLANG_WARN_DOCUMENTATION_COMMENTS = YES;
				CLANG_WARN_EMPTY_BODY = YES;
				CLANG_WARN_ENUM_CONVERSION = YES;
				CLANG_WARN_INFINITE_RECURSION = YES;
				CLANG_WARN_INT_CONVERSION = YES;
				CLANG_WARN_NON_LITERAL_NULL_CONVERSION = YES;
				CLANG_WARN_OBJC_LITERAL_CONVERSION = YES;
				CLANG_WARN_OBJC_ROOT_CLASS = YES_ERROR;
				CLANG_WARN_RANGE_LOOP_ANALYSIS = YES;
				CLANG_WARN_STRICT_PROTOTYPES = YES;
				CLANG_WARN_SUSPICIOUS_MOVE = YES;
				CLANG_WARN_UNGUARDED_AVAILABILITY = YES_AGGRESSIVE;
				CLANG_WARN_UNREACHABLE_CODE = YES;
				CLANG_WARN__DUPLICATE_METHOD_MATCH = YES;
				CODE_SIGN_IDENTITY = "Mac Developer";
				COPY_PHASE_STRIP = NO;
				DEBUG_INFORMATION_FORMAT = "dwarf-with-dsym";
				ENABLE_NS_ASSERTIONS = NO;
				ENABLE_STRICT_OBJC_MSGSEND = YES;
				GCC_C_LANGUAGE_STANDARD = gnu11;
				GCC_NO_COMMON_BLOCKS = YES;
				GCC_WARN_64_TO_32_BIT_CONVERSION = YES;
				GCC_WARN_ABOUT_RETURN_TYPE = YES_ERROR;
				GCC_WARN_UNDECLARED_SELECTOR = YES;
				GCC_WARN_UNINITIALIZED_AUTOS = YES_AGGRESSIVE;
				GCC_WARN_UNUSED_FUNCTION = YES;
				GCC_WARN_UNUSED_VARIABLE = YES;
				MACOSX_DEPLOYMENT_TARGET = 10.13;
				MTL_ENABLE_DEBUG_INFO = NO;
				SDKROOT = macosx;
			};
			name = Release;
		};
		5FFD9E7D1F8306B1009391D9 /* Debug */ = {
			isa = XCBuildConfiguration;
			buildSettings = {
				CODE_SIGN_STYLE = Automatic;
				DEVELOPMENT_TEAM = 4VS4GFB76H;
				PRODUCT_NAME = "$(TARGET_NAME)";
			};
			name = Debug;
		};
		5FFD9E7E1F8306B1009391D9 /* Release */ = {
			isa = XCBuildConfiguration;
			buildSettings = {
				CODE_SIGN_STYLE = Automatic;
				DEVELOPMENT_TEAM = 4VS4GFB76H;
				PRODUCT_NAME = "$(TARGET_NAME)";
			};
			name = Release;
		};
/* End XCBuildConfiguration section */

/* Begin XCConfigurationList section */
		5FFD9E701F8306B1009391D9 /* Build configuration list for PBXProject "State" */ = {
			isa = XCConfigurationList;
			buildConfigurations = (
				5FFD9E7A1F8306B1009391D9 /* Debug */,
				5FFD9E7B1F8306B1009391D9 /* Release */,
			);
			defaultConfigurationIsVisible = 0;
			defaultConfigurationName = Release;
		};
		5FFD9E7C1F8306B1009391D9 /* Build configuration list for PBXNativeTarget "State" */ = {
			isa = XCConfigurationList;
			buildConfigurations = (
				5FFD9E7D1F8306B1009391D9 /* Debug */,
				5FFD9E7E1F8306B1009391D9 /* Release */,
			);
			defaultConfigurationIsVisible = 0;
			defaultConfigurationName = Release;
		};
/* End XCConfigurationList section */
	};
	rootObject = 5FFD9E6D1F8306B1009391D9 /* Project object */;
}
